
Microsoft Visual Studio Solution File, Format Version 12.00
# Visual Studio 15
VisualStudioVersion = 15.0.27703.2042
MinimumVisualStudioVersion = 10.0.40219.1
Project("{9A19103F-16F7-4668-BE54-9A1E7A4F7556}") = "QaAutomationExam2018", "QaAutomationExam2018\QaAutomationExam2018.csproj", "{5243EF20-8551-4A66-AE22-E09EA470256C}"
EndProject
Global
	GlobalSection(SolutionConfigurationPlatforms) = preSolution
		Debug|Any CPU = Debug|Any CPU
		Release|Any CPU = Release|Any CPU
	EndGlobalSection
	GlobalSection(ProjectConfigurationPlatforms) = postSolution
		{5243EF20-8551-4A66-AE22-E09EA470256C}.Debug|Any CPU.ActiveCfg = Debug|Any CPU
		{5243EF20-8551-4A66-AE22-E09EA470256C}.Debug|Any CPU.Build.0 = Debug|Any CPU
		{5243EF20-8551-4A66-AE22-E09EA470256C}.Release|Any CPU.ActiveCfg = Release|Any CPU
		{5243EF20-8551-4A66-AE22-E09EA470256C}.Release|Any CPU.Build.0 = Release|Any CPU
	EndGlobalSection
	GlobalSection(SolutionProperties) = preSolution
		HideSolutionNode = FALSE
	EndGlobalSection
	GlobalSection(ExtensibilityGlobals) = postSolution
		SolutionGuid = {D5E5BE32-2429-44D3-A039-2C6608D3E66D}
	EndGlobalSection
EndGlobal
